
Microsoft Visual Studio Solution File, Format Version 12.00
# Visual Studio Version 16
VisualStudioVersion = 16.0.29209.62
MinimumVisualStudioVersion = 10.0.40219.1
Project("{FAE04EC0-301F-11D3-BF4B-00C04F79EFBC}") = "WebApp", "WebApp\WebApp.csproj", "{B4228444-DD05-4E40-8F6B-03E78E401E46}"
EndProject
Project("{FAE04EC0-301F-11D3-BF4B-00C04F79EFBC}") = "PracticeSystem", "PracticeSystem\PracticeSystem.csproj", "{BF20882D-7F6F-4A60-9F4A-B9565C8485EE}"
EndProject
Global
	GlobalSection(SolutionConfigurationPlatforms) = preSolution
		Debug|Any CPU = Debug|Any CPU
		Release|Any CPU = Release|Any CPU
	EndGlobalSection
	GlobalSection(ProjectConfigurationPlatforms) = postSolution
		{B4228444-DD05-4E40-8F6B-03E78E401E46}.Debug|Any CPU.ActiveCfg = Debug|Any CPU
		{B4228444-DD05-4E40-8F6B-03E78E401E46}.Debug|Any CPU.Build.0 = Debug|Any CPU
		{B4228444-DD05-4E40-8F6B-03E78E401E46}.Release|Any CPU.ActiveCfg = Release|Any CPU
		{B4228444-DD05-4E40-8F6B-03E78E401E46}.Release|Any CPU.Build.0 = Release|Any CPU
		{BF20882D-7F6F-4A60-9F4A-B9565C8485EE}.Debug|Any CPU.ActiveCfg = Debug|Any CPU
		{BF20882D-7F6F-4A60-9F4A-B9565C8485EE}.Debug|Any CPU.Build.0 = Debug|Any CPU
		{BF20882D-7F6F-4A60-9F4A-B9565C8485EE}.Release|Any CPU.ActiveCfg = Release|Any CPU
		{BF20882D-7F6F-4A60-9F4A-B9565C8485EE}.Release|Any CPU.Build.0 = Release|Any CPU
	EndGlobalSection
	GlobalSection(SolutionProperties) = preSolution
		HideSolutionNode = FALSE
	EndGlobalSection
	GlobalSection(ExtensibilityGlobals) = postSolution
		SolutionGuid = {4EE83115-6CE9-4B1C-A951-37D853F88E29}
	EndGlobalSection
EndGlobal
